
Microsoft Visual Studio Solution File, Format Version 12.00
# Visual Studio 14
VisualStudioVersion = 14.0.25420.1
MinimumVisualStudioVersion = 10.0.40219.1
Project("{FAE04EC0-301F-11D3-BF4B-00C04F79EFBC}") = "Grades", "Grades\Grades.csproj", "{1064CA26-EC22-4A02-9741-B6BB7B807BA4}"
EndProject
Project("{FAE04EC0-301F-11D3-BF4B-00C04F79EFBC}") = "Grades.Tests", "Grades.Tests\Grades.Tests.csproj", "{C75C8A2D-BDF7-4598-B542-56817AE7C462}"
EndProject
Global
	GlobalSection(SolutionConfigurationPlatforms) = preSolution
		Debug|Any CPU = Debug|Any CPU
		Release|Any CPU = Release|Any CPU
	EndGlobalSection
	GlobalSection(ProjectConfigurationPlatforms) = postSolution
		{1064CA26-EC22-4A02-9741-B6BB7B807BA4}.Debug|Any CPU.ActiveCfg = Debug|Any CPU
		{1064CA26-EC22-4A02-9741-B6BB7B807BA4}.Debug|Any CPU.Build.0 = Debug|Any CPU
		{1064CA26-EC22-4A02-9741-B6BB7B807BA4}.Release|Any CPU.ActiveCfg = Release|Any CPU
		{1064CA26-EC22-4A02-9741-B6BB7B807BA4}.Release|Any CPU.Build.0 = Release|Any CPU
		{C75C8A2D-BDF7-4598-B542-56817AE7C462}.Debug|Any CPU.ActiveCfg = Debug|Any CPU
		{C75C8A2D-BDF7-4598-B542-56817AE7C462}.Debug|Any CPU.Build.0 = Debug|Any CPU
		{C75C8A2D-BDF7-4598-B542-56817AE7C462}.Release|Any CPU.ActiveCfg = Release|Any CPU
		{C75C8A2D-BDF7-4598-B542-56817AE7C462}.Release|Any CPU.Build.0 = Release|Any CPU
	EndGlobalSection
	GlobalSection(SolutionProperties) = preSolution
		HideSolutionNode = FALSE
	EndGlobalSection
EndGlobal
